
Microsoft Visual Studio Solution File, Format Version 12.00
# Visual Studio Version 16
VisualStudioVersion = 16.0.30503.244
MinimumVisualStudioVersion = 10.0.40219.1
Project("{FAE04EC0-301F-11D3-BF4B-00C04F79EFBC}") = "TechnicalInterviewPreparation", "TechnicalInterviewPreparation\TechnicalInterviewPreparation.csproj", "{43B44914-283F-4D8B-AFBB-4A643D48FE3B}"
EndProject
Global
	GlobalSection(SolutionConfigurationPlatforms) = preSolution
		Debug|Any CPU = Debug|Any CPU
		Release|Any CPU = Release|Any CPU
	EndGlobalSection
	GlobalSection(ProjectConfigurationPlatforms) = postSolution
		{43B44914-283F-4D8B-AFBB-4A643D48FE3B}.Debug|Any CPU.ActiveCfg = Debug|Any CPU
		{43B44914-283F-4D8B-AFBB-4A643D48FE3B}.Debug|Any CPU.Build.0 = Debug|Any CPU
		{43B44914-283F-4D8B-AFBB-4A643D48FE3B}.Release|Any CPU.ActiveCfg = Release|Any CPU
		{43B44914-283F-4D8B-AFBB-4A643D48FE3B}.Release|Any CPU.Build.0 = Release|Any CPU
	EndGlobalSection
	GlobalSection(SolutionProperties) = preSolution
		HideSolutionNode = FALSE
	EndGlobalSection
	GlobalSection(ExtensibilityGlobals) = postSolution
		SolutionGuid = {314B381E-7690-46A3-8407-C0F1ED7D535D}
	EndGlobalSection
EndGlobal
